
Microsoft Visual Studio Solution File, Format Version 12.00
# Visual Studio Version 16
VisualStudioVersion = 16.0.31515.178
MinimumVisualStudioVersion = 10.0.40219.1
Project("{8BC9CEB8-8B4A-11D0-8D11-00A0C91BC942}") = "FingerPrint", "FingerPrint\FingerPrint.vcxproj", "{FF8215F3-3D72-482E-A9D3-A7EAD69A874C}"
EndProject
Global
	GlobalSection(SolutionConfigurationPlatforms) = preSolution
		Debug|x64 = Debug|x64
		Debug|x86 = Debug|x86
		Release|x64 = Release|x64
		Release|x86 = Release|x86
	EndGlobalSection
	GlobalSection(ProjectConfigurationPlatforms) = postSolution
		{FF8215F3-3D72-482E-A9D3-A7EAD69A874C}.Debug|x64.ActiveCfg = Debug|x64
		{FF8215F3-3D72-482E-A9D3-A7EAD69A874C}.Debug|x64.Build.0 = Debug|x64
		{FF8215F3-3D72-482E-A9D3-A7EAD69A874C}.Debug|x86.ActiveCfg = Debug|Win32
		{FF8215F3-3D72-482E-A9D3-A7EAD69A874C}.Debug|x86.Build.0 = Debug|Win32
		{FF8215F3-3D72-482E-A9D3-A7EAD69A874C}.Release|x64.ActiveCfg = Release|x64
		{FF8215F3-3D72-482E-A9D3-A7EAD69A874C}.Release|x64.Build.0 = Release|x64
		{FF8215F3-3D72-482E-A9D3-A7EAD69A874C}.Release|x86.ActiveCfg = Release|Win32
		{FF8215F3-3D72-482E-A9D3-A7EAD69A874C}.Release|x86.Build.0 = Release|Win32
	EndGlobalSection
	GlobalSection(SolutionProperties) = preSolution
		HideSolutionNode = FALSE
	EndGlobalSection
	GlobalSection(ExtensibilityGlobals) = postSolution
		SolutionGuid = {3A4437B3-C646-48C5-9A44-559D6238318C}
	EndGlobalSection
EndGlobal
